
# THIS IS AN AUTOGENERATED FILE. DO NOT EDIT THIS FILE DIRECTLY.
# yarn lockfile v1


"@akryum/winattr@^3.0.0":
  version "3.0.0"
  resolved "https://registry.yarnpkg.com/@akryum/winattr/-/winattr-3.0.0.tgz#c345d49f8415583897e345729c12b3503927dd11"
  integrity sha512-t4WmWoGV9gyzypwG3y3JlcK2t8fKLtvzBA7xEoFTj9SMPvOuLsf13uh4ikK0RRaaa9RPPWLgFUdOyIRaQvCpwQ==
  dependencies:
    fswin "^2.17.1227"

"@apollo/federation@0.20.4":
  version "0.20.4"
  resolved "https://registry.yarnpkg.com/@apollo/federation/-/federation-0.20.4.tgz#49baf1e94e7b9dea3e3736c9801c7c230157f94f"
  integrity sha512-A/2BtgSytrrA2nSuCrKIlXYemfMEzCosIOD4vUjK7Y1LvNuPCBxt6mdZ+hjKrfpY4IXhZdgbtHjI5/Q2Pkqsmg==
  dependencies:
    apollo-graphql "^0.6.0"
    apollo-server-env "^2.4.5"
    core-js "^3.4.0"
    lodash.xorby "^4.7.0"

"@apollo/protobufjs@^1.0.3":
  version "1.0.5"
  resolved "https://registry.yarnpkg.com/@apollo/protobufjs/-/protobufjs-1.0.5.tgz#a78b726147efc0795e74c8cb8a11aafc6e02f773"
  integrity sha512-ZtyaBH1icCgqwIGb3zrtopV2D5Q8yxibkJzlaViM08eOhTQc7rACdYu0pfORFfhllvdMZ3aq69vifYHszY4gNA==
  dependencies:
    "@protobufjs/aspromise" "^1.1.2"
    "@protobufjs/base64" "^1.1.2"
    "@protobufjs/codegen" "^2.0.4"
    "@protobufjs/eventemitter" "^1.1.0"
    "@protobufjs/fetch" "^1.1.0"
    "@protobufjs/float" "^1.0.2"
    "@protobufjs/inquire" "^1.1.0"
    "@protobufjs/path" "^1.1.2"
    "@protobufjs/pool" "^1.1.0"
    "@protobufjs/utf8" "^1.1.0"
    "@types/long" "^4.0.0"
    "@types/node" "^10.1.0"
    long "^4.0.0"

"@apollographql/apollo-tools@^0.4.3", "@apollographql/apollo-tools@^0.4.8":
  version "0.4.8"
  resolved "https://registry.yarnpkg.com/@apollographql/apollo-tools/-/apollo-tools-0.4.8.tgz#d81da89ee880c2345eb86bddb92b35291f6135ed"