
# THIS IS AN AUTOGENERATED FILE. DO NOT EDIT THIS FILE DIRECTLY.
# yarn lockfile v1


"@akryum/winattr@^3.0.0":
  version "3.0.0"
  resolved "https://registry.yarnpkg.com/@akryum/winattr/-/winattr-3.0.0.tgz#c345d49f8415583897e345729c12b3503927dd11"
  integrity sha512-t4WmWoGV9gyzypwG3y3JlcK2t8fKLtvzBA7xEoFTj9SMPvOuLsf13uh4ikK0RRaaa9RPPWLgFUdOyIRaQvCpwQ==
  dependencies:
    fswin "^2.17.1227"

"@apollo/federation@0.20.4":
  version "0.20.4"